{
  "name": "website",
  "lockfileVersion": 3,
  "requires": true,
  "packages": {
    "": {
      "dependencies": {
        "@tailwindcss/container-queries": "^0.1.1"
      }
    },
    "node_modules/@tailwindcss/container-queries": {
      "version": "0.1.1",
      "resolved": "https://registry.npmjs.org/@tailwindcss/container-queries/-/container-queries-0.1.1.tgz",
      "integrity": "sha512-p18dswChx6WnTSaJCSGx6lTmrGzNNvm2FtXmiO6AuA1V4U5REyoqwmT6kgAsIMdjo07QdAfYXHJ4hnMtfHzWgA==",
      "peerDependencies": {
        "tailwindcss": ">=3.2.0"
      }
    },
    "node_modules/tailwindcss": {
      "version": "4.1.18",
      "resolved": "https://registry.npmjs.org/tailwindcss/-/tailwindcss-4.1.18.tgz",
      "integrity": "sha512-4+Z+0yiYyEtUVCScyfHCxOYP06L5Ne+JiHhY2IjR2KWMIWhJOYZKLSGZaP5HkZ8+bY0cxfzwDE5uOmzFXyIwxw==",
      "peer": true
    }
  }
}
